// !$*UTF8*$!
{
	archiveVersion = 1;
	classes = {
	};
	objectVersion = 56;
	objects = {

/* Begin PBXBuildFile section */
		ABED62FB2B2DB7B4002C8099 /* AppDelegate.swift in Sources */ = {isa = PBXBuildFile; fileRef = ABED62FA2B2DB7B4002C8099 /* AppDelegate.swift */; };
		ABED62FF2B2DB7B4002C8099 /* ViewController.swift in Sources */ = {isa = PBXBuildFile; fileRef = ABED62FE2B2DB7B4002C8099 /* ViewController.swift */; };
		ABED63022B2DB7B5002C8099 /* Main.storyboard in Resources */ = {isa = PBXBuildFile; fileRef = ABED63002B2DB7B5002C8099 /* Main.storyboard */; };
		ABED63042B2DB7B7002C8099 /* Assets.xcassets in Resources */ = {isa = PBXBuildFile; fileRef = ABED63032B2DB7B7002C8099 /* Assets.xcassets */; };
		ABED63072B2DB7B7002C8099 /* LaunchScreen.storyboard in Resources */ = {isa = PBXBuildFile; fileRef = ABED63052B2DB7B7002C8099 /* LaunchScreen.storyboard */; };
		ABED630F2B2DBD4A002C8099 /* SellManager.swift in Sources */ = {isa = PBXBuildFile; fileRef = ABED630E2B2DBD49002C8099 /* SellManager.swift */; };
		ABED63112B2DBD7F002C8099 /* BeerStellaArtois.swift in Sources */ = {isa = PBXBuildFile; fileRef = ABED63102B2DBD7F002C8099 /* BeerStellaArtois.swift */; };
		ABED63132B2DBDA4002C8099 /* BeerHoegaarden.swift in Sources */ = {isa = PBXBuildFile; fileRef = ABED63122B2DBDA4002C8099 /* BeerHoegaarden.swift */; };
		ABED63152B2DBDB9002C8099 /* BeerPaulaner.swift in Sources */ = {isa = PBXBuildFile; fileRef = ABED63142B2DBDB9002C8099 /* BeerPaulaner.swift */; };
/* End PBXBuildFile section */

/* Begin PBXFileReference section */
		ABED62F72B2DB7B4002C8099 /* TMSHomework7BeerApp.app */ = {isa = PBXFileReference; explicitFileType = wrapper.application; includeInIndex = 0; path = TMSHomework7BeerApp.app; sourceTree = BUILT_PRODUCTS_DIR; };
		ABED62FA2B2DB7B4002C8099 /* AppDelegate.swift */ = {isa = PBXFileReference; lastKnownFileType = sourcecode.swift; path = AppDelegate.swift; sourceTree = "<group>"; };
		ABED62FE2B2DB7B4002C8099 /* ViewController.swift */ = {isa = PBXFileReference; lastKnownFileType = sourcecode.swift; path = ViewController.swift; sourceTree = "<group>"; };
		ABED63012B2DB7B5002C8099 /* Base */ = {isa = PBXFileReference; lastKnownFileType = file.storyboard; name = Base; path = Base.lproj/Main.storyboard; sourceTree = "<group>"; };
		ABED63032B2DB7B7002C8099 /* Assets.xcassets */ = {isa = PBXFileReference; lastKnownFileType = folder.assetcatalog; path = Assets.xcassets; sourceTree = "<group>"; };
		ABED63062B2DB7B7002C8099 /* Base */ = {isa = PBXFileReference; lastKnownFileType = file.storyboard; name = Base; path = Base.lproj/LaunchScreen.storyboard; sourceTree = "<group>"; };
		ABED63082B2DB7B7002C8099 /* Info.plist */ = {isa = PBXFileReference; lastKnownFileType = text.plist.xml; path = Info.plist; sourceTree = "<group>"; };
		ABED630E2B2DBD49002C8099 /* SellManager.swift */ = {isa = PBXFileReference; lastKnownFileType = sourcecode.swift; path = SellManager.swift; sourceTree = "<group>"; };
		ABED63102B2DBD7F002C8099 /* BeerStellaArtois.swift */ = {isa = PBXFileReference; lastKnownFileType = sourcecode.swift; path = BeerStellaArtois.swift; sourceTree = "<group>"; };
		ABED63122B2DBDA4002C8099 /* BeerHoegaarden.swift */ = {isa = PBXFileReference; lastKnownFileType = sourcecode.swift; path = BeerHoegaarden.swift; sourceTree = "<group>"; };
		ABED63142B2DBDB9002C8099 /* BeerPaulaner.swift */ = {isa = PBXFileReference; lastKnownFileType = sourcecode.swift; path = BeerPaulaner.swift; sourceTree = "<group>"; };
/* End PBXFileReference section */

/* Begin PBXFrameworksBuildPhase section */
		ABED62F42B2DB7B4002C8099 /* Frameworks */ = {
			isa = PBXFrameworksBuildPhase;
			buildActionMask = 2147483647;
			files = (
			);
			runOnlyForDeploymentPostprocessing = 0;
		};
/* End PBXFrameworksBuildPhase section */

/* Begin PBXGroup section */
		ABED62EE2B2DB7B4002C8099 = {
			isa = PBXGroup;
			children = (
				ABED62F92B2DB7B4002C8099 /* TMSHomework7BeerApp */,
				ABED62F82B2DB7B4002C8099 /* Products */,
			);
			sourceTree = "<group>";
		};
		ABED62F82B2DB7B4002C8099 /* Products */ = {
			isa = PBXGroup;
			children = (
				ABED62F72B2DB7B4002C8099 /* TMSHomework7BeerApp.app */,
			);
			name = Products;
			sourceTree = "<group>";
		};
		ABED62F92B2DB7B4002C8099 /* TMSHomework7BeerApp */ = {
			isa = PBXGroup;
			children = (
				ABED62FA2B2DB7B4002C8099 /* AppDelegate.swift */,
				ABED62FE2B2DB7B4002C8099 /* ViewController.swift */,
				ABED630E2B2DBD49002C8099 /* SellManager.swift */,
				ABED63102B2DBD7F002C8099 /* BeerStellaArtois.swift */,
				ABED63122B2DBDA4002C8099 /* BeerHoegaarden.swift */,
				ABED63142B2DBDB9002C8099 /* BeerPaulaner.swift */,
				ABED63002B2DB7B5002C8099 /* Main.storyboard */,
				ABED63032B2DB7B7002C8099 /* Assets.xcassets */,
				ABED63052B2DB7B7002C8099 /* LaunchScreen.storyboard */,
				ABED63082B2DB7B7002C8099 /* Info.plist */,
			);
			path = TMSHomework7BeerApp;
			sourceTree = "<group>";
		};
/* End PBXGroup section */

/* Begin PBXNativeTarget section */
		ABED62F62B2DB7B4002C8099 /* TMSHomework7BeerApp */ = {
			isa = PBXNativeTarget;
			buildConfigurationList = ABED630B2B2DB7B7002C8099 /* Build configuration list for PBXNativeTarget "TMSHomework7BeerApp" */;
			buildPhases = (
				ABED62F32B2DB7B4002C8099 /* Sources */,
				ABED62F42B2DB7B4002C8099 /* Frameworks */,
				ABED62F52B2DB7B4002C8099 /* Resources */,
			);
			buildRules = (
			);
			dependencies = (
			);
			name = TMSHomework7BeerApp;
			productName = TMSHomework7BeerApp;
			productReference = ABED62F72B2DB7B4002C8099 /* TMSHomework7BeerApp.app */;
			productType = "com.apple.product-type.application";
		};
/* End PBXNativeTarget section */

/* Begin PBXProject section */
		ABED62EF2B2DB7B4002C8099 /* Project object */ = {
			isa = PBXProject;
			attributes = {
				BuildIndependentTargetsInParallel = 1;
				LastSwiftUpdateCheck = 1500;
				LastUpgradeCheck = 1500;
				TargetAttributes = {
					ABED62F62B2DB7B4002C8099 = {
						CreatedOnToolsVersion = 15.0.1;
					};
				};
			};
			buildConfigurationList = ABED62F22B2DB7B4002C8099 /* Build configuration list for PBXProject "TMSHomework7BeerApp" */;
			compatibilityVersion = "Xcode 14.0";
			developmentRegion = en;
			hasScannedForEncodings = 0;
			knownRegions = (
				en,
				Base,
			);
			mainGroup = ABED62EE2B2DB7B4002C8099;
			productRefGroup = ABED62F82B2DB7B4002C8099 /* Products */;
			projectDirPath = "";
			projectRoot = "";
			targets = (
				ABED62F62B2DB7B4002C8099 /* TMSHomework7BeerApp */,
			);
		};
/* End PBXProject section */

/* Begin PBXResourcesBuildPhase section */
		ABED62F52B2DB7B4002C8099 /* Resources */ = {
			isa = PBXResourcesBuildPhase;
			buildActionMask = 2147483647;
			files = (
				ABED63072B2DB7B7002C8099 /* LaunchScreen.storyboard in Resources */,
				ABED63042B2DB7B7002C8099 /* Assets.xcassets in Resources */,
				ABED63022B2DB7B5002C8099 /* Main.storyboard in Resources */,
			);
			runOnlyForDeploymentPostprocessing = 0;
		};
/* End PBXResourcesBuildPhase section */

/* Begin PBXSourcesBuildPhase section */
		ABED62F32B2DB7B4002C8099 /* Sources */ = {
			isa = PBXSourcesBuildPhase;
			buildActionMask = 2147483647;
			files = (
				ABED630F2B2DBD4A002C8099 /* SellManager.swift in Sources */,
				ABED62FF2B2DB7B4002C8099 /* ViewController.swift in Sources */,
				ABED63132B2DBDA4002C8099 /* BeerHoegaarden.swift in Sources */,
				ABED63152B2DBDB9002C8099 /* BeerPaulaner.swift in Sources */,
				ABED63112B2DBD7F002C8099 /* BeerStellaArtois.swift in Sources */,
				ABED62FB2B2DB7B4002C8099 /* AppDelegate.swift in Sources */,
			);
			runOnlyForDeploymentPostprocessing = 0;
		};
/* End PBXSourcesBuildPhase section */

/* Begin PBXVariantGroup section */
		ABED63002B2DB7B5002C8099 /* Main.storyboard */ = {
			isa = PBXVariantGroup;
			children = (
				ABED63012B2DB7B5002C8099 /* Base */,
			);
			name = Main.storyboard;
			sourceTree = "<group>";
		};
		ABED63052B2DB7B7002C8099 /* LaunchScreen.storyboard */ = {
			isa = PBXVariantGroup;
			children = (
				ABED63062B2DB7B7002C8099 /* Base */,
			);
			name = LaunchScreen.storyboard;
			sourceTree = "<group>";
		};
/* End PBXVariantGroup section */

/* Begin XCBuildConfiguration section */
		ABED63092B2DB7B7002C8099 /* Debug */ = {
			isa = XCBuildConfiguration;
			buildSettings = {
				ALWAYS_SEARCH_USER_PATHS = NO;
				ASSETCATALOG_COMPILER_GENERATE_SWIFT_ASSET_SYMBOL_EXTENSIONS = YES;
				CLANG_ANALYZER_NONNULL = YES;
				CLANG_ANALYZER_NUMBER_OBJECT_CONVERSION = YES_AGGRESSIVE;
				CLANG_CXX_LANGUAGE_STANDARD = "gnu++20";
				CLANG_ENABLE_MODULES = YES;
				CLANG_ENABLE_OBJC_ARC = YES;
				CLANG_ENABLE_OBJC_WEAK = YES;
				CLANG_WARN_BLOCK_CAPTURE_AUTORELEASING = YES;
				CLANG_WARN_BOOL_CONVERSION = YES;
				CLANG_WARN_COMMA = YES;
				CLANG_WARN_CONSTANT_CONVERSION = YES;
				CLANG_WARN_DEPRECATED_OBJC_IMPLEMENTATIONS = YES;
				CLANG_WARN_DIRECT_OBJC_ISA_USAGE = YES_ERROR;
				CLANG_WARN_DOCUMENTATION_COMMENTS = YES;
				CLANG_WARN_EMPTY_BODY = YES;
				CLANG_WARN_ENUM_CONVERSION = YES;
				CLANG_WARN_INFINITE_RECURSION = YES;
				CLANG_WARN_INT_CONVERSION = YES;
				CLANG_WARN_NON_LITERAL_NULL_CONVERSION = YES;
				CLANG_WARN_OBJC_IMPLICIT_RETAIN_SELF = YES;
				CLANG_WARN_OBJC_LITERAL_CONVERSION = YES;
				CLANG_WARN_OBJC_ROOT_CLASS = YES_ERROR;
				CLANG_WARN_QUOTED_INCLUDE_IN_FRAMEWORK_HEADER = YES;
				CLANG_WARN_RANGE_LOOP_ANALYSIS = YES;
				CLANG_WARN_STRICT_PROTOTYPES = YES;
				CLANG_WARN_SUSPICIOUS_MOVE = YES;
				CLANG_WARN_UNGUARDED_AVAILABILITY = YES_AGGRESSIVE;
				CLANG_WARN_UNREACHABLE_CODE = YES;
				CLANG_WARN__DUPLICATE_METHOD_MATCH = YES;
				COPY_PHASE_STRIP = NO;
				DEBUG_INFORMATION_FORMAT = dwarf;
				ENABLE_STRICT_OBJC_MSGSEND = YES;
				ENABLE_TESTABILITY = YES;
				ENABLE_USER_SCRIPT_SANDBOXING = YES;
				GCC_C_LANGUAGE_STANDARD = gnu17;
				GCC_DYNAMIC_NO_PIC = NO;
				GCC_NO_COMMON_BLOCKS = YES;
				GCC_OPTIMIZATION_LEVEL = 0;
				GCC_PREPROCESSOR_DEFINITIONS = (
					"DEBUG=1",
					"$(inherited)",
				);
				GCC_WARN_64_TO_32_BIT_CONVERSION = YES;
				GCC_WARN_ABOUT_RETURN_TYPE = YES_ERROR;
				GCC_WARN_UNDECLARED_SELECTOR = YES;
				GCC_WARN_UNINITIALIZED_AUTOS = YES_AGGRESSIVE;
				GCC_WARN_UNUSED_FUNCTION = YES;
				GCC_WARN_UNUSED_VARIABLE = YES;
				IPHONEOS_DEPLOYMENT_TARGET = 17.0;
				LOCALIZATION_PREFERS_STRING_CATALOGS = YES;
				MTL_ENABLE_DEBUG_INFO = INCLUDE_SOURCE;
				MTL_FAST_MATH = YES;
				ONLY_ACTIVE_ARCH = YES;
				SDKROOT = iphoneos;
				SWIFT_ACTIVE_COMPILATION_CONDITIONS = "DEBUG $(inherited)";
				SWIFT_OPTIMIZATION_LEVEL = "-Onone";
			};
			name = Debug;
		};
		ABED630A2B2DB7B7002C8099 /* Release */ = {
			isa = XCBuildConfiguration;
			buildSettings = {
				ALWAYS_SEARCH_USER_PATHS = NO;
				ASSETCATALOG_COMPILER_GENERATE_SWIFT_ASSET_SYMBOL_EXTENSIONS = YES;
				CLANG_ANALYZER_NONNULL = YES;
				CLANG_ANALYZER_NUMBER_OBJECT_CONVERSION = YES_AGGRESSIVE;
				CLANG_CXX_LANGUAGE_STANDARD = "gnu++20";
				CLANG_ENABLE_MODULES = YES;
				CLANG_ENABLE_OBJC_ARC = YES;
				CLANG_ENABLE_OBJC_WEAK = YES;
				CLANG_WARN_BLOCK_CAPTURE_AUTORELEASING = YES;
				CLANG_WARN_BOOL_CONVERSION = YES;
				CLANG_WARN_COMMA = YES;
				CLANG_WARN_CONSTANT_CONVERSION = YES;
				CLANG_WARN_DEPRECATED_OBJC_IMPLEMENTATIONS = YES;
				CLANG_WARN_DIRECT_OBJC_ISA_USAGE = YES_ERROR;
				CLANG_WARN_DOCUMENTATION_COMMENTS = YES;
				CLANG_WARN_EMPTY_BODY = YES;
				CLANG_WARN_ENUM_CONVERSION = YES;
				CLANG_WARN_INFINITE_RECURSION = YES;
				CLANG_WARN_INT_CONVERSION = YES;
				CLANG_WARN_NON_LITERAL_NULL_CONVERSION = YES;
				CLANG_WARN_OBJC_IMPLICIT_RETAIN_SELF = YES;
				CLANG_WARN_OBJC_LITERAL_CONVERSION = YES;
				CLANG_WARN_OBJC_ROOT_CLASS = YES_ERROR;
				CLANG_WARN_QUOTED_INCLUDE_IN_FRAMEWORK_HEADER = YES;
				CLANG_WARN_RANGE_LOOP_ANALYSIS = YES;
				CLANG_WARN_STRICT_PROTOTYPES = YES;
				CLANG_WARN_SUSPICIOUS_MOVE = YES;
				CLANG_WARN_UNGUARDED_AVAILABILITY = YES_AGGRESSIVE;
				CLANG_WARN_UNREACHABLE_CODE = YES;
				CLANG_WARN__DUPLICATE_METHOD_MATCH = YES;
				COPY_PHASE_STRIP = NO;
				DEBUG_INFORMATION_FORMAT = "dwarf-with-dsym";
				ENABLE_NS_ASSERTIONS = NO;
				ENABLE_STRICT_OBJC_MSGSEND = YES;
				ENABLE_USER_SCRIPT_SANDBOXING = YES;
				GCC_C_LANGUAGE_STANDARD = gnu17;
				GCC_NO_COMMON_BLOCKS = YES;
				GCC_WARN_64_TO_32_BIT_CONVERSION = YES;
				GCC_WARN_ABOUT_RETURN_TYPE = YES_ERROR;
				GCC_WARN_UNDECLARED_SELECTOR = YES;
				GCC_WARN_UNINITIALIZED_AUTOS = YES_AGGRESSIVE;
				GCC_WARN_UNUSED_FUNCTION = YES;
				GCC_WARN_UNUSED_VARIABLE = YES;
				IPHONEOS_DEPLOYMENT_TARGET = 17.0;
				LOCALIZATION_PREFERS_STRING_CATALOGS = YES;
				MTL_ENABLE_DEBUG_INFO = NO;
				MTL_FAST_MATH = YES;
				SDKROOT = iphoneos;
				SWIFT_COMPILATION_MODE = wholemodule;
				VALIDATE_PRODUCT = YES;
			};
			name = Release;
		};
		ABED630C2B2DB7B7002C8099 /* Debug */ = {
			isa = XCBuildConfiguration;
			buildSettings = {
				ASSETCATALOG_COMPILER_APPICON_NAME = AppIcon;
				ASSETCATALOG_COMPILER_GLOBAL_ACCENT_COLOR_NAME = AccentColor;
				CODE_SIGN_STYLE = Automatic;
				CURRENT_PROJECT_VERSION = 1;
				DEVELOPMENT_TEAM = 8P6VRJ578S;
				GENERATE_INFOPLIST_FILE = YES;
				INFOPLIST_FILE = TMSHomework7BeerApp/Info.plist;
				INFOPLIST_KEY_UIApplicationSupportsIndirectInputEvents = YES;
				INFOPLIST_KEY_UILaunchStoryboardName = LaunchScreen;
				INFOPLIST_KEY_UIMainStoryboardFile = Main;
				INFOPLIST_KEY_UISupportedInterfaceOrientations_iPad = "UIInterfaceOrientationPortrait UIInterfaceOrientationPortraitUpsideDown UIInterfaceOrientationLandscapeLeft UIInterfaceOrientationLandscapeRight";
				INFOPLIST_KEY_UISupportedInterfaceOrientations_iPhone = "UIInterfaceOrientationPortrait UIInterfaceOrientationLandscapeLeft UIInterfaceOrientationLandscapeRight";
				LD_RUNPATH_SEARCH_PATHS = (
					"$(inherited)",
					"@executable_path/Frameworks",
				);
				MARKETING_VERSION = 1.0;
				PRODUCT_BUNDLE_IDENTIFIER = com.TMSHomework7BeerApp;
				PRODUCT_NAME = "$(TARGET_NAME)";
				SWIFT_EMIT_LOC_STRINGS = YES;
				SWIFT_VERSION = 5.0;
				TARGETED_DEVICE_FAMILY = "1,2";
			};
			name = Debug;
		};
		ABED630D2B2DB7B7002C8099 /* Release */ = {
			isa = XCBuildConfiguration;
			buildSettings = {
				ASSETCATALOG_COMPILER_APPICON_NAME = AppIcon;
				ASSETCATALOG_COMPILER_GLOBAL_ACCENT_COLOR_NAME = AccentColor;
				CODE_SIGN_STYLE = Automatic;
				CURRENT_PROJECT_VERSION = 1;
				DEVELOPMENT_TEAM = 8P6VRJ578S;
				GENERATE_INFOPLIST_FILE = YES;
				INFOPLIST_FILE = TMSHomework7BeerApp/Info.plist;
				INFOPLIST_KEY_UIApplicationSupportsIndirectInputEvents = YES;
				INFOPLIST_KEY_UILaunchStoryboardName = LaunchScreen;
				INFOPLIST_KEY_UIMainStoryboardFile = Main;
				INFOPLIST_KEY_UISupportedInterfaceOrientations_iPad = "UIInterfaceOrientationPortrait UIInterfaceOrientationPortraitUpsideDown UIInterfaceOrientationLandscapeLeft UIInterfaceOrientationLandscapeRight";
				INFOPLIST_KEY_UISupportedInterfaceOrientations_iPhone = "UIInterfaceOrientationPortrait UIInterfaceOrientationLandscapeLeft UIInterfaceOrientationLandscapeRight";
				LD_RUNPATH_SEARCH_PATHS = (
					"$(inherited)",
					"@executable_path/Frameworks",
				);
				MARKETING_VERSION = 1.0;
				PRODUCT_BUNDLE_IDENTIFIER = com.TMSHomework7BeerApp;
				PRODUCT_NAME = "$(TARGET_NAME)";
				SWIFT_EMIT_LOC_STRINGS = YES;
				SWIFT_VERSION = 5.0;
				TARGETED_DEVICE_FAMILY = "1,2";
			};
			name = Release;
		};
/* End XCBuildConfiguration section */

/* Begin XCConfigurationList section */
		ABED62F22B2DB7B4002C8099 /* Build configuration list for PBXProject "TMSHomework7BeerApp" */ = {
			isa = XCConfigurationList;
			buildConfigurations = (
				ABED63092B2DB7B7002C8099 /* Debug */,
				ABED630A2B2DB7B7002C8099 /* Release */,
			);
			defaultConfigurationIsVisible = 0;
			defaultConfigurationName = Release;
		};
		ABED630B2B2DB7B7002C8099 /* Build configuration list for PBXNativeTarget "TMSHomework7BeerApp" */ = {
			isa = XCConfigurationList;
			buildConfigurations = (
				ABED630C2B2DB7B7002C8099 /* Debug */,
				ABED630D2B2DB7B7002C8099 /* Release */,
			);
			defaultConfigurationIsVisible = 0;
			defaultConfigurationName = Release;
		};
/* End XCConfigurationList section */
	};
	rootObject = ABED62EF2B2DB7B4002C8099 /* Project object */;
}
